// !$*UTF8*$!
{
	archiveVersion = 1;
	classes = {
	};
	objectVersion = 46;
	objects = {

/* Begin PBXAggregateTarget section */
		7F2BE8EA1945234400D51335 /* Mogenerator */ = {
			isa = PBXAggregateTarget;
			buildConfigurationList = 7F2BE8ED1945234400D51335 /* Build configuration list for PBXAggregateTarget "Mogenerator" */;
			buildPhases = (
				7F2BE8EE1945234F00D51335 /* ShellScript */,
			);
			dependencies = (
			);
			name = Mogenerator;
			productName = Mogenerator;
		};
/* End PBXAggregateTarget section */

/* Begin PBXBuildFile section */
		5662F3C688E14EE0BE11E633 /* libPods-iGTD.a in Frameworks */ = {isa = PBXBuildFile; fileRef = 9768F79F824242EA8415B35F /* libPods-iGTD.a */; };
		7F2B4F3419454A6B00F19582 /* GTDSharedExamplesSpec.m in Sources */ = {isa = PBXBuildFile; fileRef = 7F2B4F3319454A6B00F19582 /* GTDSharedExamplesSpec.m */; };
		7F2BE8AD194519C100D51335 /* Foundation.framework in Frameworks */ = {isa = PBXBuildFile; fileRef = 7F2BE8AC194519C100D51335 /* Foundation.framework */; };
		7F2BE8AF194519C100D51335 /* CoreGraphics.framework in Frameworks */ = {isa = PBXBuildFile; fileRef = 7F2BE8AE194519C100D51335 /* CoreGraphics.framework */; };
		7F2BE8B1194519C100D51335 /* UIKit.framework in Frameworks */ = {isa = PBXBuildFile; fileRef = 7F2BE8B0194519C100D51335 /* UIKit.framework */; };
		7F2BE8B3194519C100D51335 /* CoreData.framework in Frameworks */ = {isa = PBXBuildFile; fileRef = 7F2BE8B2194519C100D51335 /* CoreData.framework */; };
		7F2BE8B9194519C100D51335 /* InfoPlist.strings in Resources */ = {isa = PBXBuildFile; fileRef = 7F2BE8B7194519C100D51335 /* InfoPlist.strings */; };
		7F2BE8BB194519C100D51335 /* main.m in Sources */ = {isa = PBXBuildFile; fileRef = 7F2BE8BA194519C100D51335 /* main.m */; };
		7F2BE8BF194519C100D51335 /* GTDAppDelegate.m in Sources */ = {isa = PBXBuildFile; fileRef = 7F2BE8BE194519C100D51335 /* GTDAppDelegate.m */; };
		7F2BE8C2194519C100D51335 /* Main.storyboard in Resources */ = {isa = PBXBuildFile; fileRef = 7F2BE8C0194519C100D51335 /* Main.storyboard */; };
		7F2BE8C5194519C100D51335 /* iGTD.xcdatamodeld in Sources */ = {isa = PBXBuildFile; fileRef = 7F2BE8C3194519C100D51335 /* iGTD.xcdatamodeld */; };
		7F2BE8C8194519C100D51335 /* GTDMasterViewController.m in Sources */ = {isa = PBXBuildFile; fileRef = 7F2BE8C7194519C100D51335 /* GTDMasterViewController.m */; };
		7F2BE8CB194519C100D51335 /* GTDDetailViewController.m in Sources */ = {isa = PBXBuildFile; fileRef = 7F2BE8CA194519C100D51335 /* GTDDetailViewController.m */; };
		7F2BE8CD194519C100D51335 /* Images.xcassets in Resources */ = {isa = PBXBuildFile; fileRef = 7F2BE8CC194519C100D51335 /* Images.xcassets */; };
		7F2BE8D4194519C200D51335 /* XCTest.framework in Frameworks */ = {isa = PBXBuildFile; fileRef = 7F2BE8D3194519C200D51335 /* XCTest.framework */; };
		7F2BE8D5194519C200D51335 /* Foundation.framework in Frameworks */ = {isa = PBXBuildFile; fileRef = 7F2BE8AC194519C100D51335 /* Foundation.framework */; };
		7F2BE8D6194519C200D51335 /* UIKit.framework in Frameworks */ = {isa = PBXBuildFile; fileRef = 7F2BE8B0194519C100D51335 /* UIKit.framework */; };
		7F2BE8D7194519C200D51335 /* CoreData.framework in Frameworks */ = {isa = PBXBuildFile; fileRef = 7F2BE8B2194519C100D51335 /* CoreData.framework */; };
		7F2BE8DF194519C200D51335 /* InfoPlist.strings in Resources */ = {isa = PBXBuildFile; fileRef = 7F2BE8DD194519C200D51335 /* InfoPlist.strings */; };
		7F2BE9041945242600D51335 /* _Action.m in Sources */ = {isa = PBXBuildFile; fileRef = 7F2BE8F11945242600D51335 /* _Action.m */; };
		7F2BE9051945242600D51335 /* _Contact.m in Sources */ = {isa = PBXBuildFile; fileRef = 7F2BE8F31945242600D51335 /* _Contact.m */; };
		7F2BE9061945242600D51335 /* _Context.m in Sources */ = {isa = PBXBuildFile; fileRef = 7F2BE8F51945242600D51335 /* _Context.m */; };
		7F2BE9071945242600D51335 /* _Project.m in Sources */ = {isa = PBXBuildFile; fileRef = 7F2BE8F71945242600D51335 /* _Project.m */; };
		7F2BE9081945242600D51335 /* _Tag.m in Sources */ = {isa = PBXBuildFile; fileRef = 7F2BE8F91945242600D51335 /* _Tag.m */; };
		7F2BE9091945242600D51335 /* Action.m in Sources */ = {isa = PBXBuildFile; fileRef = 7F2BE8FB1945242600D51335 /* Action.m */; };
		7F2BE90A1945242600D51335 /* Contact.m in Sources */ = {isa = PBXBuildFile; fileRef = 7F2BE8FD1945242600D51335 /* Contact.m */; };
		7F2BE90B1945242600D51335 /* Context.m in Sources */ = {isa = PBXBuildFile; fileRef = 7F2BE8FF1945242600D51335 /* Context.m */; };
		7F2BE90C1945242600D51335 /* Project.m in Sources */ = {isa = PBXBuildFile; fileRef = 7F2BE9011945242600D51335 /* Project.m */; };
		7F2BE90D1945242600D51335 /* Tag.m in Sources */ = {isa = PBXBuildFile; fileRef = 7F2BE9031945242600D51335 /* Tag.m */; };
		7F2BE90F194525DA00D51335 /* ActionSpec.m in Sources */ = {isa = PBXBuildFile; fileRef = 7F2BE90E194525DA00D51335 /* ActionSpec.m */; };
		7F74FCFA1950AD6900A0852F /* ProjectSpec.m in Sources */ = {isa = PBXBuildFile; fileRef = 7F74FCF91950AD6900A0852F /* ProjectSpec.m */; };
		7F74FCFD1950C14300A0852F /* GTDRootTableViewController.m in Sources */ = {isa = PBXBuildFile; fileRef = 7F74FCFC1950C14300A0852F /* GTDRootTableViewController.m */; };
		7F74FD001950FC6200A0852F /* GTDActionsTableViewController.m in Sources */ = {isa = PBXBuildFile; fileRef = 7F74FCFF1950FC6200A0852F /* GTDActionsTableViewController.m */; };
		7F9594E019523AF900B8D212 /* GTDPrioritiesTableViewController.m in Sources */ = {isa = PBXBuildFile; fileRef = 7F9594DF19523AF900B8D212 /* GTDPrioritiesTableViewController.m */; };
		7F9594E319523B1000B8D212 /* GTDAllActionsTableViewController.m in Sources */ = {isa = PBXBuildFile; fileRef = 7F9594E219523B1000B8D212 /* GTDAllActionsTableViewController.m */; };
		E00334F3AB39472097AF7A0D /* libPods-iGTDTests.a in Frameworks */ = {isa = PBXBuildFile; fileRef = 72A5753A18F940D0B87880E8 /* libPods-iGTDTests.a */; };
/* End PBXBuildFile section */

/* Begin PBXContainerItemProxy section */
		7F2BE8D8194519C200D51335 /* PBXContainerItemProxy */ = {
			isa = PBXContainerItemProxy;
			containerPortal = 7F2BE8A1194519C100D51335 /* Project object */;
			proxyType = 1;
			remoteGlobalIDString = 7F2BE8A8194519C100D51335;
			remoteInfo = iGTD;
		};
/* End PBXContainerItemProxy section */

/* Begin PBXFileReference section */
		72A5753A18F940D0B87880E8 /* libPods-iGTDTests.a */ = {isa = PBXFileReference; explicitFileType = archive.ar; includeInIndex = 0; path = "libPods-iGTDTests.a"; sourceTree = BUILT_PRODUCTS_DIR; };
		7F2B4F3319454A6B00F19582 /* GTDSharedExamplesSpec.m */ = {isa = PBXFileReference; fileEncoding = 4; lastKnownFileType = sourcecode.c.objc; path = GTDSharedExamplesSpec.m; sourceTree = "<group>"; };
		7F2BE8A9194519C100D51335 /* iGTD.app */ = {isa = PBXFileReference; explicitFileType = wrapper.application; includeInIndex = 0; path = iGTD.app; sourceTree = BUILT_PRODUCTS_DIR; };
		7F2BE8AC194519C100D51335 /* Foundation.framework */ = {isa = PBXFileReference; lastKnownFileType = wrapper.framework; name = Foundation.framework; path = System/Library/Frameworks/Foundation.framework; sourceTree = SDKROOT; };
		7F2BE8AE194519C100D51335 /* CoreGraphics.framework */ = {isa = PBXFileReference; lastKnownFileType = wrapper.framework; name = CoreGraphics.framework; path = System/Library/Frameworks/CoreGraphics.framework; sourceTree = SDKROOT; };
		7F2BE8B0194519C100D51335 /* UIKit.framework */ = {isa = PBXFileReference; lastKnownFileType = wrapper.framework; name = UIKit.framework; path = System/Library/Frameworks/UIKit.framework; sourceTree = SDKROOT; };
		7F2BE8B2194519C100D51335 /* CoreData.framework */ = {isa = PBXFileReference; lastKnownFileType = wrapper.framework; name = CoreData.framework; path = System/Library/Frameworks/CoreData.framework; sourceTree = SDKROOT; };
		7F2BE8B6194519C100D51335 /* iGTD-Info.plist */ = {isa = PBXFileReference; lastKnownFileType = text.plist.xml; path = "iGTD-Info.plist"; sourceTree = "<group>"; };
		7F2BE8B8194519C100D51335 /* en */ = {isa = PBXFileReference; lastKnownFileType = text.plist.strings; name = en; path = en.lproj/InfoPlist.strings; sourceTree = "<group>"; };
		7F2BE8BA194519C100D51335 /* main.m */ = {isa = PBXFileReference; lastKnownFileType = sourcecode.c.objc; path = main.m; sourceTree = "<group>"; };
		7F2BE8BC194519C100D51335 /* iGTD-Prefix.pch */ = {isa = PBXFileReference; lastKnownFileType = sourcecode.c.h; path = "iGTD-Prefix.pch"; sourceTree = "<group>"; };
		7F2BE8BD194519C100D51335 /* GTDAppDelegate.h */ = {isa = PBXFileReference; lastKnownFileType = sourcecode.c.h; path = GTDAppDelegate.h; sourceTree = "<group>"; };
		7F2BE8BE194519C100D51335 /* GTDAppDelegate.m */ = {isa = PBXFileReference; lastKnownFileType = sourcecode.c.objc; path = GTDAppDelegate.m; sourceTree = "<group>"; };
		7F2BE8C1194519C100D51335 /* Base */ = {isa = PBXFileReference; lastKnownFileType = file.storyboard; name = Base; path = Base.lproj/Main.storyboard; sourceTree = "<group>"; };
		7F2BE8C4194519C100D51335 /* iGTD.xcdatamodel */ = {isa = PBXFileReference; lastKnownFileType = wrapper.xcdatamodel; path = iGTD.xcdatamodel; sourceTree = "<group>"; };
		7F2BE8C6194519C100D51335 /* GTDMasterViewController.h */ = {isa = PBXFileReference; lastKnownFileType = sourcecode.c.h; path = GTDMasterViewController.h; sourceTree = "<group>"; };
		7F2BE8C7194519C100D51335 /* GTDMasterViewController.m */ = {isa = PBXFileReference; lastKnownFileType = sourcecode.c.objc; path = GTDMasterViewController.m; sourceTree = "<group>"; };
		7F2BE8C9194519C100D51335 /* GTDDetailViewController.h */ = {isa = PBXFileReference; lastKnownFileType = sourcecode.c.h; path = GTDDetailViewController.h; sourceTree = "<group>"; };
		7F2BE8CA194519C100D51335 /* GTDDetailViewController.m */ = {isa = PBXFileReference; lastKnownFileType = sourcecode.c.objc; path = GTDDetailViewController.m; sourceTree = "<group>"; };
		7F2BE8CC194519C100D51335 /* Images.xcassets */ = {isa = PBXFileReference; lastKnownFileType = folder.assetcatalog; path = Images.xcassets; sourceTree = "<group>"; };
		7F2BE8D2194519C200D51335 /* iGTDTests.xctest */ = {isa = PBXFileReference; explicitFileType = wrapper.cfbundle; includeInIndex = 0; path = iGTDTests.xctest; sourceTree = BUILT_PRODUCTS_DIR; };
		7F2BE8D3194519C200D51335 /* XCTest.framework */ = {isa = PBXFileReference; lastKnownFileType = wrapper.framework; name = XCTest.framework; path = Library/Frameworks/XCTest.framework; sourceTree = DEVELOPER_DIR; };
		7F2BE8DC194519C200D51335 /* iGTDTests-Info.plist */ = {isa = PBXFileReference; lastKnownFileType = text.plist.xml; path = "iGTDTests-Info.plist"; sourceTree = "<group>"; };
		7F2BE8DE194519C200D51335 /* en */ = {isa = PBXFileReference; lastKnownFileType = text.plist.strings; name = en; path = en.lproj/InfoPlist.strings; sourceTree = "<group>"; };
		7F2BE8F01945242600D51335 /* _Action.h */ = {isa = PBXFileReference; fileEncoding = 4; lastKnownFileType = sourcecode.c.h; path = _Action.h; sourceTree = "<group>"; };
		7F2BE8F11945242600D51335 /* _Action.m */ = {isa = PBXFileReference; fileEncoding = 4; lastKnownFileType = sourcecode.c.objc; path = _Action.m; sourceTree = "<group>"; };
		7F2BE8F21945242600D51335 /* _Contact.h */ = {isa = PBXFileReference; fileEncoding = 4; lastKnownFileType = sourcecode.c.h; path = _Contact.h; sourceTree = "<group>"; };
		7F2BE8F31945242600D51335 /* _Contact.m */ = {isa = PBXFileReference; fileEncoding = 4; lastKnownFileType = sourcecode.c.objc; path = _Contact.m; sourceTree = "<group>"; };
		7F2BE8F41945242600D51335 /* _Context.h */ = {isa = PBXFileReference; fileEncoding = 4; lastKnownFileType = sourcecode.c.h; path = _Context.h; sourceTree = "<group>"; };
		7F2BE8F51945242600D51335 /* _Context.m */ = {isa = PBXFileReference; fileEncoding = 4; lastKnownFileType = sourcecode.c.objc; path = _Context.m; sourceTree = "<group>"; };
		7F2BE8F61945242600D51335 /* _Project.h */ = {isa = PBXFileReference; fileEncoding = 4; lastKnownFileType = sourcecode.c.h; path = _Project.h; sourceTree = "<group>"; };
		7F2BE8F71945242600D51335 /* _Project.m */ = {isa = PBXFileReference; fileEncoding = 4; lastKnownFileType = sourcecode.c.objc; path = _Project.m; sourceTree = "<group>"; };
		7F2BE8F81945242600D51335 /* _Tag.h */ = {isa = PBXFileReference; fileEncoding = 4; lastKnownFileType = sourcecode.c.h; path = _Tag.h; sourceTree = "<group>"; };
		7F2BE8F91945242600D51335 /* _Tag.m */ = {isa = PBXFileReference; fileEncoding = 4; lastKnownFileType = sourcecode.c.objc; path = _Tag.m; sourceTree = "<group>"; };
		7F2BE8FA1945242600D51335 /* Action.h */ = {isa = PBXFileReference; fileEncoding = 4; lastKnownFileType = sourcecode.c.h; path = Action.h; sourceTree = "<group>"; };
		7F2BE8FB1945242600D51335 /* Action.m */ = {isa = PBXFileReference; fileEncoding = 4; lastKnownFileType = sourcecode.c.objc; path = Action.m; sourceTree = "<group>"; };
		7F2BE8FC1945242600D51335 /* Contact.h */ = {isa = PBXFileReference; fileEncoding = 4; lastKnownFileType = sourcecode.c.h; path = Contact.h; sourceTree = "<group>"; };
		7F2BE8FD1945242600D51335 /* Contact.m */ = {isa = PBXFileReference; fileEncoding = 4; lastKnownFileType = sourcecode.c.objc; path = Contact.m; sourceTree = "<group>"; };
		7F2BE8FE1945242600D51335 /* Context.h */ = {isa = PBXFileReference; fileEncoding = 4; lastKnownFileType = sourcecode.c.h; path = Context.h; sourceTree = "<group>"; };
		7F2BE8FF1945242600D51335 /* Context.m */ = {isa = PBXFileReference; fileEncoding = 4; lastKnownFileType = sourcecode.c.objc; path = Context.m; sourceTree = "<group>"; };
		7F2BE9001945242600D51335 /* Project.h */ = {isa = PBXFileReference; fileEncoding = 4; lastKnownFileType = sourcecode.c.h; path = Project.h; sourceTree = "<group>"; };
		7F2BE9011945242600D51335 /* Project.m */ = {isa = PBXFileReference; fileEncoding = 4; lastKnownFileType = sourcecode.c.objc; path = Project.m; sourceTree = "<group>"; };
		7F2BE9021945242600D51335 /* Tag.h */ = {isa = PBXFileReference; fileEncoding = 4; lastKnownFileType = sourcecode.c.h; path = Tag.h; sourceTree = "<group>"; };
		7F2BE9031945242600D51335 /* Tag.m */ = {isa = PBXFileReference; fileEncoding = 4; lastKnownFileType = sourcecode.c.objc; path = Tag.m; sourceTree = "<group>"; };
		7F2BE90E194525DA00D51335 /* ActionSpec.m */ = {isa = PBXFileReference; fileEncoding = 4; lastKnownFileType = sourcecode.c.objc; path = ActionSpec.m; sourceTree = "<group>"; };
		7F74FCF91950AD6900A0852F /* ProjectSpec.m */ = {isa = PBXFileReference; fileEncoding = 4; lastKnownFileType = sourcecode.c.objc; path = ProjectSpec.m; sourceTree = "<group>"; };
		7F74FCFB1950C14300A0852F /* GTDRootTableViewController.h */ = {isa = PBXFileReference; fileEncoding = 4; lastKnownFileType = sourcecode.c.h; path = GTDRootTableViewController.h; sourceTree = "<group>"; };
		7F74FCFC1950C14300A0852F /* GTDRootTableViewController.m */ = {isa = PBXFileReference; fileEncoding = 4; lastKnownFileType = sourcecode.c.objc; path = GTDRootTableViewController.m; sourceTree = "<group>"; };
		7F74FCFE1950FC6200A0852F /* GTDActionsTableViewController.h */ = {isa = PBXFileReference; fileEncoding = 4; lastKnownFileType = sourcecode.c.h; path = GTDActionsTableViewController.h; sourceTree = "<group>"; };
		7F74FCFF1950FC6200A0852F /* GTDActionsTableViewController.m */ = {isa = PBXFileReference; fileEncoding = 4; lastKnownFileType = sourcecode.c.objc; path = GTDActionsTableViewController.m; sourceTree = "<group>"; };
		7F9594DE19523AF900B8D212 /* GTDPrioritiesTableViewController.h */ = {isa = PBXFileReference; fileEncoding = 4; lastKnownFileType = sourcecode.c.h; path = GTDPrioritiesTableViewController.h; sourceTree = "<group>"; };
		7F9594DF19523AF900B8D212 /* GTDPrioritiesTableViewController.m */ = {isa = PBXFileReference; fileEncoding = 4; lastKnownFileType = sourcecode.c.objc; path = GTDPrioritiesTableViewController.m; sourceTree = "<group>"; };
		7F9594E119523B1000B8D212 /* GTDAllActionsTableViewController.h */ = {isa = PBXFileReference; fileEncoding = 4; lastKnownFileType = sourcecode.c.h; path = GTDAllActionsTableViewController.h; sourceTree = "<group>"; };
		7F9594E219523B1000B8D212 /* GTDAllActionsTableViewController.m */ = {isa = PBXFileReference; fileEncoding = 4; lastKnownFileType = sourcecode.c.objc; path = GTDAllActionsTableViewController.m; sourceTree = "<group>"; };
		8763DB3DF06C44018BF87646 /* Pods-iGTDTests.xcconfig */ = {isa = PBXFileReference; includeInIndex = 1; lastKnownFileType = text.xcconfig; name = "Pods-iGTDTests.xcconfig"; path = "Pods/Pods-iGTDTests.xcconfig"; sourceTree = "<group>"; };
		9768F79F824242EA8415B35F /* libPods-iGTD.a */ = {isa = PBXFileReference; explicitFileType = archive.ar; includeInIndex = 0; path = "libPods-iGTD.a"; sourceTree = BUILT_PRODUCTS_DIR; };
		B0C9DB346C384718A8D3BA3C /* Pods-iGTD.xcconfig */ = {isa = PBXFileReference; includeInIndex = 1; lastKnownFileType = text.xcconfig; name = "Pods-iGTD.xcconfig"; path = "Pods/Pods-iGTD.xcconfig"; sourceTree = "<group>"; };
/* End PBXFileReference section */

/* Begin PBXFrameworksBuildPhase section */
		7F2BE8A6194519C100D51335 /* Frameworks */ = {
			isa = PBXFrameworksBuildPhase;
			buildActionMask = 2147483647;
			files = (
				7F2BE8AF194519C100D51335 /* CoreGraphics.framework in Frameworks */,
				7F2BE8B3194519C100D51335 /* CoreData.framework in Frameworks */,
				7F2BE8B1194519C100D51335 /* UIKit.framework in Frameworks */,
				7F2BE8AD194519C100D51335 /* Foundation.framework in Frameworks */,
				5662F3C688E14EE0BE11E633 /* libPods-iGTD.a in Frameworks */,
			);
			runOnlyForDeploymentPostprocessing = 0;
		};
		7F2BE8CF194519C200D51335 /* Frameworks */ = {
			isa = PBXFrameworksBuildPhase;
			buildActionMask = 2147483647;
			files = (
				7F2BE8D4194519C200D51335 /* XCTest.framework in Frameworks */,
				7F2BE8D7194519C200D51335 /* CoreData.framework in Frameworks */,
				7F2BE8D6194519C200D51335 /* UIKit.framework in Frameworks */,
				7F2BE8D5194519C200D51335 /* Foundation.framework in Frameworks */,
				E00334F3AB39472097AF7A0D /* libPods-iGTDTests.a in Frameworks */,
			);
			runOnlyForDeploymentPostprocessing = 0;
		};
/* End PBXFrameworksBuildPhase section */

/* Begin PBXGroup section */
		7F2BE8A0194519C100D51335 = {
			isa = PBXGroup;
			children = (
				7F2BE8B4194519C100D51335 /* iGTD */,
				7F2BE8DA194519C200D51335 /* iGTDTests */,
				7F2BE8AB194519C100D51335 /* Frameworks */,
				7F2BE8AA194519C100D51335 /* Products */,
				B0C9DB346C384718A8D3BA3C /* Pods-iGTD.xcconfig */,
				8763DB3DF06C44018BF87646 /* Pods-iGTDTests.xcconfig */,
			);
			sourceTree = "<group>";
		};
		7F2BE8AA194519C100D51335 /* Products */ = {
			isa = PBXGroup;
			children = (
				7F2BE8A9194519C100D51335 /* iGTD.app */,
				7F2BE8D2194519C200D51335 /* iGTDTests.xctest */,
			);
			name = Products;
			sourceTree = "<group>";
		};
		7F2BE8AB194519C100D51335 /* Frameworks */ = {
			isa = PBXGroup;
			children = (
				7F2BE8AC194519C100D51335 /* Foundation.framework */,
				7F2BE8AE194519C100D51335 /* CoreGraphics.framework */,
				7F2BE8B0194519C100D51335 /* UIKit.framework */,
				7F2BE8B2194519C100D51335 /* CoreData.framework */,
				7F2BE8D3194519C200D51335 /* XCTest.framework */,
				9768F79F824242EA8415B35F /* libPods-iGTD.a */,
				72A5753A18F940D0B87880E8 /* libPods-iGTDTests.a */,
			);
			name = Frameworks;
			sourceTree = "<group>";
		};
		7F2BE8B4194519C100D51335 /* iGTD */ = {
			isa = PBXGroup;
			children = (
				7F2BE8EF1945242600D51335 /* Model */,
				7F2BE8BD194519C100D51335 /* GTDAppDelegate.h */,
				7F2BE8BE194519C100D51335 /* GTDAppDelegate.m */,
				7F2BE8C0194519C100D51335 /* Main.storyboard */,
				7F9594E119523B1000B8D212 /* GTDAllActionsTableViewController.h */,
				7F9594E219523B1000B8D212 /* GTDAllActionsTableViewController.m */,
				7F9594DE19523AF900B8D212 /* GTDPrioritiesTableViewController.h */,
				7F9594DF19523AF900B8D212 /* GTDPrioritiesTableViewController.m */,
				7F74FCFB1950C14300A0852F /* GTDRootTableViewController.h */,
				7F74FCFC1950C14300A0852F /* GTDRootTableViewController.m */,
				7F2BE8C6194519C100D51335 /* GTDMasterViewController.h */,
				7F2BE8C7194519C100D51335 /* GTDMasterViewController.m */,
				7F74FCFE1950FC6200A0852F /* GTDActionsTableViewController.h */,
				7F74FCFF1950FC6200A0852F /* GTDActionsTableViewController.m */,
				7F2BE8C9194519C100D51335 /* GTDDetailViewController.h */,
				7F2BE8CA194519C100D51335 /* GTDDetailViewController.m */,
				7F2BE8CC194519C100D51335 /* Images.xcassets */,
				7F2BE8C3194519C100D51335 /* iGTD.xcdatamodeld */,
				7F2BE8B5194519C100D51335 /* Supporting Files */,
			);
			path = iGTD;
			sourceTree = "<group>";
		};
		7F2BE8B5194519C100D51335 /* Supporting Files */ = {
			isa = PBXGroup;
			children = (
				7F2BE8B6194519C100D51335 /* iGTD-Info.plist */,
				7F2BE8B7194519C100D51335 /* InfoPlist.strings */,
				7F2BE8BA194519C100D51335 /* main.m */,
				7F2BE8BC194519C100D51335 /* iGTD-Prefix.pch */,
			);
			name = "Supporting Files";
			sourceTree = "<group>";
		};
		7F2BE8DA194519C200D51335 /* iGTDTests */ = {
			isa = PBXGroup;
			children = (
				7F2BE8DB194519C200D51335 /* Supporting Files */,
				7F2BE90E194525DA00D51335 /* ActionSpec.m */,
				7F2B4F3319454A6B00F19582 /* GTDSharedExamplesSpec.m */,
				7F74FCF91950AD6900A0852F /* ProjectSpec.m */,
			);
			path = iGTDTests;
			sourceTree = "<group>";
		};
		7F2BE8DB194519C200D51335 /* Supporting Files */ = {
			isa = PBXGroup;
			children = (
				7F2BE8DC194519C200D51335 /* iGTDTests-Info.plist */,
				7F2BE8DD194519C200D51335 /* InfoPlist.strings */,
			);
			name = "Supporting Files";
			sourceTree = "<group>";
		};
		7F2BE8EF1945242600D51335 /* Model */ = {
			isa = PBXGroup;
			children = (
				7F2BE8F01945242600D51335 /* _Action.h */,
				7F2BE8F11945242600D51335 /* _Action.m */,
				7F2BE8F21945242600D51335 /* _Contact.h */,
				7F2BE8F31945242600D51335 /* _Contact.m */,
				7F2BE8F41945242600D51335 /* _Context.h */,
				7F2BE8F51945242600D51335 /* _Context.m */,
				7F2BE8F61945242600D51335 /* _Project.h */,
				7F2BE8F71945242600D51335 /* _Project.m */,
				7F2BE8F81945242600D51335 /* _Tag.h */,
				7F2BE8F91945242600D51335 /* _Tag.m */,
				7F2BE8FA1945242600D51335 /* Action.h */,
				7F2BE8FB1945242600D51335 /* Action.m */,
				7F2BE8FC1945242600D51335 /* Contact.h */,
				7F2BE8FD1945242600D51335 /* Contact.m */,
				7F2BE8FE1945242600D51335 /* Context.h */,
				7F2BE8FF1945242600D51335 /* Context.m */,
				7F2BE9001945242600D51335 /* Project.h */,
				7F2BE9011945242600D51335 /* Project.m */,
				7F2BE9021945242600D51335 /* Tag.h */,
				7F2BE9031945242600D51335 /* Tag.m */,
			);
			path = Model;
			sourceTree = "<group>";
		};
/* End PBXGroup section */

/* Begin PBXNativeTarget section */
		7F2BE8A8194519C100D51335 /* iGTD */ = {
			isa = PBXNativeTarget;
			buildConfigurationList = 7F2BE8E4194519C200D51335 /* Build configuration list for PBXNativeTarget "iGTD" */;
			buildPhases = (
				48E4F321F87A468D8D675BD2 /* Check Pods Manifest.lock */,
				7F2BE8A5194519C100D51335 /* Sources */,
				7F2BE8A6194519C100D51335 /* Frameworks */,
				7F2BE8A7194519C100D51335 /* Resources */,
				72D2557474CC4C4B84BF5DBD /* Copy Pods Resources */,
			);
			buildRules = (
			);
			dependencies = (
			);
			name = iGTD;
			productName = iGTD;
			productReference = 7F2BE8A9194519C100D51335 /* iGTD.app */;
			productType = "com.apple.product-type.application";
		};
		7F2BE8D1194519C200D51335 /* iGTDTests */ = {
			isa = PBXNativeTarget;
			buildConfigurationList = 7F2BE8E7194519C200D51335 /* Build configuration list for PBXNativeTarget "iGTDTests" */;
			buildPhases = (
				D1A1425591D14315B5273894 /* Check Pods Manifest.lock */,
				7F2BE8CE194519C200D51335 /* Sources */,
				7F2BE8CF194519C200D51335 /* Frameworks */,
				7F2BE8D0194519C200D51335 /* Resources */,
				5C06660689924076962898C5 /* Copy Pods Resources */,
			);
			buildRules = (
			);
			dependencies = (
				7F2BE8D9194519C200D51335 /* PBXTargetDependency */,
			);
			name = iGTDTests;
			productName = iGTDTests;
			productReference = 7F2BE8D2194519C200D51335 /* iGTDTests.xctest */;
			productType = "com.apple.product-type.bundle.unit-test";
		};
/* End PBXNativeTarget section */

/* Begin PBXProject section */
		7F2BE8A1194519C100D51335 /* Project object */ = {
			isa = PBXProject;
			attributes = {
				CLASSPREFIX = GTD;
				LastUpgradeCheck = 0510;
				ORGANIZATIONNAME = "Jared McFarland";
				TargetAttributes = {
					7F2BE8D1194519C200D51335 = {
						TestTargetID = 7F2BE8A8194519C100D51335;
					};
				};
			};
			buildConfigurationList = 7F2BE8A4194519C100D51335 /* Build configuration list for PBXProject "iGTD" */;
			compatibilityVersion = "Xcode 3.2";
			developmentRegion = English;
			hasScannedForEncodings = 0;
			knownRegions = (
				en,
				Base,
			);
			mainGroup = 7F2BE8A0194519C100D51335;
			productRefGroup = 7F2BE8AA194519C100D51335 /* Products */;
			projectDirPath = "";
			projectRoot = "";
			targets = (
				7F2BE8A8194519C100D51335 /* iGTD */,
				7F2BE8D1194519C200D51335 /* iGTDTests */,
				7F2BE8EA1945234400D51335 /* Mogenerator */,
			);
		};
/* End PBXProject section */

/* Begin PBXResourcesBuildPhase section */
		7F2BE8A7194519C100D51335 /* Resources */ = {
			isa = PBXResourcesBuildPhase;
			buildActionMask = 2147483647;
			files = (
				7F2BE8CD194519C100D51335 /* Images.xcassets in Resources */,
				7F2BE8B9194519C100D51335 /* InfoPlist.strings in Resources */,
				7F2BE8C2194519C100D51335 /* Main.storyboard in Resources */,
			);
			runOnlyForDeploymentPostprocessing = 0;
		};
		7F2BE8D0194519C200D51335 /* Resources */ = {
			isa = PBXResourcesBuildPhase;
			buildActionMask = 2147483647;
			files = (
				7F2BE8DF194519C200D51335 /* InfoPlist.strings in Resources */,
			);
			runOnlyForDeploymentPostprocessing = 0;
		};
/* End PBXResourcesBuildPhase section */

/* Begin PBXShellScriptBuildPhase section */
		48E4F321F87A468D8D675BD2 /* Check Pods Manifest.lock */ = {
			isa = PBXShellScriptBuildPhase;
			buildActionMask = 2147483647;
			files = (
			);
			inputPaths = (
			);
			name = "Check Pods Manifest.lock";
			outputPaths = (
			);
			runOnlyForDeploymentPostprocessing = 0;
			shellPath = /bin/sh;
			shellScript = "diff \"${PODS_ROOT}/../Podfile.lock\" \"${PODS_ROOT}/Manifest.lock\" > /dev/null\nif [[ $? != 0 ]] ; then\n    cat << EOM\nerror: The sandbox is not in sync with the Podfile.lock. Run 'pod install' or update your CocoaPods installation.\nEOM\n    exit 1\nfi\n";
			showEnvVarsInLog = 0;
		};
		5C06660689924076962898C5 /* Copy Pods Resources */ = {
			isa = PBXShellScriptBuildPhase;
			buildActionMask = 2147483647;
			files = (
			);
			inputPaths = (
			);
			name = "Copy Pods Resources";
			outputPaths = (
			);
			runOnlyForDeploymentPostprocessing = 0;
			shellPath = /bin/sh;
			shellScript = "\"${SRCROOT}/Pods/Pods-iGTDTests-resources.sh\"\n";
			showEnvVarsInLog = 0;
		};
		72D2557474CC4C4B84BF5DBD /* Copy Pods Resources */ = {
			isa = PBXShellScriptBuildPhase;
			buildActionMask = 2147483647;
			files = (
			);
			inputPaths = (
			);
			name = "Copy Pods Resources";
			outputPaths = (
			);
			runOnlyForDeploymentPostprocessing = 0;
			shellPath = /bin/sh;
			shellScript = "\"${SRCROOT}/Pods/Pods-iGTD-resources.sh\"\n";
			showEnvVarsInLog = 0;
		};
		7F2BE8EE1945234F00D51335 /* ShellScript */ = {
			isa = PBXShellScriptBuildPhase;
			buildActionMask = 2147483647;
			files = (
			);
			inputPaths = (
			);
			outputPaths = (
			);
			runOnlyForDeploymentPostprocessing = 0;
			shellPath = /bin/sh;
			shellScript = "mogenerator -m iGTD/iGTD.xcdatamodeld/iGTD.xcdatamodel -O iGTD/Model --template-var arc=true";
		};
		D1A1425591D14315B5273894 /* Check Pods Manifest.lock */ = {
			isa = PBXShellScriptBuildPhase;
			buildActionMask = 2147483647;
			files = (
			);
			inputPaths = (
			);
			name = "Check Pods Manifest.lock";
			outputPaths = (
			);
			runOnlyForDeploymentPostprocessing = 0;
			shellPath = /bin/sh;
			shellScript = "diff \"${PODS_ROOT}/../Podfile.lock\" \"${PODS_ROOT}/Manifest.lock\" > /dev/null\nif [[ $? != 0 ]] ; then\n    cat << EOM\nerror: The sandbox is not in sync with the Podfile.lock. Run 'pod install' or update your CocoaPods installation.\nEOM\n    exit 1\nfi\n";
			showEnvVarsInLog = 0;
		};
/* End PBXShellScriptBuildPhase section */

/* Begin PBXSourcesBuildPhase section */
		7F2BE8A5194519C100D51335 /* Sources */ = {
			isa = PBXSourcesBuildPhase;
			buildActionMask = 2147483647;
			files = (
				7F2BE9081945242600D51335 /* _Tag.m in Sources */,
				7F74FCFD1950C14300A0852F /* GTDRootTableViewController.m in Sources */,
				7F2BE8BF194519C100D51335 /* GTDAppDelegate.m in Sources */,
				7F2BE9061945242600D51335 /* _Context.m in Sources */,
				7F2BE90B1945242600D51335 /* Context.m in Sources */,
				7F9594E019523AF900B8D212 /* GTDPrioritiesTableViewController.m in Sources */,
				7F2BE9041945242600D51335 /* _Action.m in Sources */,
				7F2BE90C1945242600D51335 /* Project.m in Sources */,
				7F2BE90A1945242600D51335 /* Contact.m in Sources */,
				7F9594E319523B1000B8D212 /* GTDAllActionsTableViewController.m in Sources */,
				7F2BE8CB194519C100D51335 /* GTDDetailViewController.m in Sources */,
				7F2BE8BB194519C100D51335 /* main.m in Sources */,
				7F2BE90D1945242600D51335 /* Tag.m in Sources */,
				7F2BE9071945242600D51335 /* _Project.m in Sources */,
				7F74FD001950FC6200A0852F /* GTDActionsTableViewController.m in Sources */,
				7F2BE9091945242600D51335 /* Action.m in Sources */,
				7F2BE8C8194519C100D51335 /* GTDMasterViewController.m in Sources */,
				7F2BE8C5194519C100D51335 /* iGTD.xcdatamodeld in Sources */,
				7F2BE9051945242600D51335 /* _Contact.m in Sources */,
			);
			runOnlyForDeploymentPostprocessing = 0;
		};
		7F2BE8CE194519C200D51335 /* Sources */ = {
			isa = PBXSourcesBuildPhase;
			buildActionMask = 2147483647;
			files = (
				7F2B4F3419454A6B00F19582 /* GTDSharedExamplesSpec.m in Sources */,
				7F2BE90F194525DA00D51335 /* ActionSpec.m in Sources */,
				7F74FCFA1950AD6900A0852F /* ProjectSpec.m in Sources */,
			);
			runOnlyForDeploymentPostprocessing = 0;
		};
/* End PBXSourcesBuildPhase section */

/* Begin PBXTargetDependency section */
		7F2BE8D9194519C200D51335 /* PBXTargetDependency */ = {
			isa = PBXTargetDependency;
			target = 7F2BE8A8194519C100D51335 /* iGTD */;
			targetProxy = 7F2BE8D8194519C200D51335 /* PBXContainerItemProxy */;
		};
/* End PBXTargetDependency section */

/* Begin PBXVariantGroup section */
		7F2BE8B7194519C100D51335 /* InfoPlist.strings */ = {
			isa = PBXVariantGroup;
			children = (
				7F2BE8B8194519C100D51335 /* en */,
			);
			name = InfoPlist.strings;
			sourceTree = "<group>";
		};
		7F2BE8C0194519C100D51335 /* Main.storyboard */ = {
			isa = PBXVariantGroup;
			children = (
				7F2BE8C1194519C100D51335 /* Base */,
			);
			name = Main.storyboard;
			sourceTree = "<group>";
		};
		7F2BE8DD194519C200D51335 /* InfoPlist.strings */ = {
			isa = PBXVariantGroup;
			children = (
				7F2BE8DE194519C200D51335 /* en */,
			);
			name = InfoPlist.strings;
			sourceTree = "<group>";
		};
/* End PBXVariantGroup section */

/* Begin XCBuildConfiguration section */
		7F2BE8E2194519C200D51335 /* Debug */ = {
			isa = XCBuildConfiguration;
			buildSettings = {
				ALWAYS_SEARCH_USER_PATHS = NO;
				CLANG_CXX_LANGUAGE_STANDARD = "gnu++0x";
				CLANG_CXX_LIBRARY = "libc++";
				CLANG_ENABLE_MODULES = YES;
				CLANG_ENABLE_OBJC_ARC = YES;
				CLANG_WARN_BOOL_CONVERSION = YES;
				CLANG_WARN_CONSTANT_CONVERSION = YES;
				CLANG_WARN_DIRECT_OBJC_ISA_USAGE = YES_ERROR;
				CLANG_WARN_EMPTY_BODY = YES;
				CLANG_WARN_ENUM_CONVERSION = YES;
				CLANG_WARN_INT_CONVERSION = YES;
				CLANG_WARN_OBJC_ROOT_CLASS = YES_ERROR;
				CLANG_WARN__DUPLICATE_METHOD_MATCH = YES;
				"CODE_SIGN_IDENTITY[sdk=iphoneos*]" = "iPhone Developer";
				COPY_PHASE_STRIP = NO;
				GCC_C_LANGUAGE_STANDARD = gnu99;
				GCC_DYNAMIC_NO_PIC = NO;
				GCC_OPTIMIZATION_LEVEL = 0;
				GCC_PREPROCESSOR_DEFINITIONS = (
					"DEBUG=1",
					"$(inherited)",
				);
				GCC_SYMBOLS_PRIVATE_EXTERN = NO;
				GCC_WARN_64_TO_32_BIT_CONVERSION = YES;
				GCC_WARN_ABOUT_RETURN_TYPE = YES_ERROR;
				GCC_WARN_UNDECLARED_SELECTOR = YES;
				GCC_WARN_UNINITIALIZED_AUTOS = YES_AGGRESSIVE;
				GCC_WARN_UNUSED_FUNCTION = YES;
				GCC_WARN_UNUSED_VARIABLE = YES;
				IPHONEOS_DEPLOYMENT_TARGET = 7.1;
				ONLY_ACTIVE_ARCH = YES;
				SDKROOT = iphoneos;
			};
			name = Debug;
		};
		7F2BE8E3194519C200D51335 /* Release */ = {
			isa = XCBuildConfiguration;
			buildSettings = {
				ALWAYS_SEARCH_USER_PATHS = NO;
				CLANG_CXX_LANGUAGE_STANDARD = "gnu++0x";
				CLANG_CXX_LIBRARY = "libc++";
				CLANG_ENABLE_MODULES = YES;
				CLANG_ENABLE_OBJC_ARC = YES;
				CLANG_WARN_BOOL_CONVERSION = YES;
				CLANG_WARN_CONSTANT_CONVERSION = YES;
				CLANG_WARN_DIRECT_OBJC_ISA_USAGE = YES_ERROR;
				CLANG_WARN_EMPTY_BODY = YES;
				CLANG_WARN_ENUM_CONVERSION = YES;
				CLANG_WARN_INT_CONVERSION = YES;
				CLANG_WARN_OBJC_ROOT_CLASS = YES_ERROR;
				CLANG_WARN__DUPLICATE_METHOD_MATCH = YES;
				"CODE_SIGN_IDENTITY[sdk=iphoneos*]" = "iPhone Developer";
				COPY_PHASE_STRIP = YES;
				ENABLE_NS_ASSERTIONS = NO;
				GCC_C_LANGUAGE_STANDARD = gnu99;
				GCC_WARN_64_TO_32_BIT_CONVERSION = YES;
				GCC_WARN_ABOUT_RETURN_TYPE = YES_ERROR;
				GCC_WARN_UNDECLARED_SELECTOR = YES;
				GCC_WARN_UNINITIALIZED_AUTOS = YES_AGGRESSIVE;
				GCC_WARN_UNUSED_FUNCTION = YES;
				GCC_WARN_UNUSED_VARIABLE = YES;
				IPHONEOS_DEPLOYMENT_TARGET = 7.1;
				SDKROOT = iphoneos;
				VALIDATE_PRODUCT = YES;
			};
			name = Release;
		};
		7F2BE8E5194519C200D51335 /* Debug */ = {
			isa = XCBuildConfiguration;
			baseConfigurationReference = B0C9DB346C384718A8D3BA3C /* Pods-iGTD.xcconfig */;
			buildSettings = {
				ASSETCATALOG_COMPILER_APPICON_NAME = AppIcon;
				ASSETCATALOG_COMPILER_LAUNCHIMAGE_NAME = LaunchImage;
				GCC_PRECOMPILE_PREFIX_HEADER = YES;
				GCC_PREFIX_HEADER = "iGTD/iGTD-Prefix.pch";
				INFOPLIST_FILE = "iGTD/iGTD-Info.plist";
				PRODUCT_NAME = "$(TARGET_NAME)";
				WRAPPER_EXTENSION = app;
			};
			name = Debug;
		};
		7F2BE8E6194519C200D51335 /* Release */ = {
			isa = XCBuildConfiguration;
			baseConfigurationReference = B0C9DB346C384718A8D3BA3C /* Pods-iGTD.xcconfig */;
			buildSettings = {
				ASSETCATALOG_COMPILER_APPICON_NAME = AppIcon;
				ASSETCATALOG_COMPILER_LAUNCHIMAGE_NAME = LaunchImage;
				GCC_PRECOMPILE_PREFIX_HEADER = YES;
				GCC_PREFIX_HEADER = "iGTD/iGTD-Prefix.pch";
				INFOPLIST_FILE = "iGTD/iGTD-Info.plist";
				PRODUCT_NAME = "$(TARGET_NAME)";
				WRAPPER_EXTENSION = app;
			};
			name = Release;
		};
		7F2BE8E8194519C200D51335 /* Debug */ = {
			isa = XCBuildConfiguration;
			baseConfigurationReference = 8763DB3DF06C44018BF87646 /* Pods-iGTDTests.xcconfig */;
			buildSettings = {
				BUNDLE_LOADER = "$(BUILT_PRODUCTS_DIR)/iGTD.app/iGTD";
				FRAMEWORK_SEARCH_PATHS = (
					"$(SDKROOT)/Developer/Library/Frameworks",
					"$(inherited)",
					"$(DEVELOPER_FRAMEWORKS_DIR)",
				);
				GCC_PRECOMPILE_PREFIX_HEADER = YES;
				GCC_PREFIX_HEADER = "iGTD/iGTD-Prefix.pch";
				GCC_PREPROCESSOR_DEFINITIONS = (
					"DEBUG=1",
					"$(inherited)",
				);
				INFOPLIST_FILE = "iGTDTests/iGTDTests-Info.plist";
				PRODUCT_NAME = "$(TARGET_NAME)";
				TEST_HOST = "$(BUNDLE_LOADER)";
				WRAPPER_EXTENSION = xctest;
			};
			name = Debug;
		};
		7F2BE8E9194519C200D51335 /* Release */ = {
			isa = XCBuildConfiguration;
			baseConfigurationReference = 8763DB3DF06C44018BF87646 /* Pods-iGTDTests.xcconfig */;
			buildSettings = {
				BUNDLE_LOADER = "$(BUILT_PRODUCTS_DIR)/iGTD.app/iGTD";
				FRAMEWORK_SEARCH_PATHS = (
					"$(SDKROOT)/Developer/Library/Frameworks",
					"$(inherited)",
					"$(DEVELOPER_FRAMEWORKS_DIR)",
				);
				GCC_PRECOMPILE_PREFIX_HEADER = YES;
				GCC_PREFIX_HEADER = "iGTD/iGTD-Prefix.pch";
				INFOPLIST_FILE = "iGTDTests/iGTDTests-Info.plist";
				PRODUCT_NAME = "$(TARGET_NAME)";
				TEST_HOST = "$(BUNDLE_LOADER)";
				WRAPPER_EXTENSION = xctest;
			};
			name = Release;
		};
		7F2BE8EB1945234400D51335 /* Debug */ = {
			isa = XCBuildConfiguration;
			buildSettings = {
				PRODUCT_NAME = "$(TARGET_NAME)";
			};
			name = Debug;
		};
		7F2BE8EC1945234400D51335 /* Release */ = {
			isa = XCBuildConfiguration;
			buildSettings = {
				PRODUCT_NAME = "$(TARGET_NAME)";
			};
			name = Release;
		};
/* End XCBuildConfiguration section */

/* Begin XCConfigurationList section */
		7F2BE8A4194519C100D51335 /* Build configuration list for PBXProject "iGTD" */ = {
			isa = XCConfigurationList;
			buildConfigurations = (
				7F2BE8E2194519C200D51335 /* Debug */,
				7F2BE8E3194519C200D51335 /* Release */,
			);
			defaultConfigurationIsVisible = 0;
			defaultConfigurationName = Release;
		};
		7F2BE8E4194519C200D51335 /* Build configuration list for PBXNativeTarget "iGTD" */ = {
			isa = XCConfigurationList;
			buildConfigurations = (
				7F2BE8E5194519C200D51335 /* Debug */,
				7F2BE8E6194519C200D51335 /* Release */,
			);
			defaultConfigurationIsVisible = 0;
			defaultConfigurationName = Release;
		};
		7F2BE8E7194519C200D51335 /* Build configuration list for PBXNativeTarget "iGTDTests" */ = {
			isa = XCConfigurationList;
			buildConfigurations = (
				7F2BE8E8194519C200D51335 /* Debug */,
				7F2BE8E9194519C200D51335 /* Release */,
			);
			defaultConfigurationIsVisible = 0;
			defaultConfigurationName = Release;
		};
		7F2BE8ED1945234400D51335 /* Build configuration list for PBXAggregateTarget "Mogenerator" */ = {
			isa = XCConfigurationList;
			buildConfigurations = (
				7F2BE8EB1945234400D51335 /* Debug */,
				7F2BE8EC1945234400D51335 /* Release */,
			);
			defaultConfigurationIsVisible = 0;
			defaultConfigurationName = Release;
		};
/* End XCConfigurationList section */

/* Begin XCVersionGroup section */
		7F2BE8C3194519C100D51335 /* iGTD.xcdatamodeld */ = {
			isa = XCVersionGroup;
			children = (
				7F2BE8C4194519C100D51335 /* iGTD.xcdatamodel */,
			);
			currentVersion = 7F2BE8C4194519C100D51335 /* iGTD.xcdatamodel */;
			path = iGTD.xcdatamodeld;
			sourceTree = "<group>";
			versionGroupType = wrapper.xcdatamodel;
		};
/* End XCVersionGroup section */
	};
	rootObject = 7F2BE8A1194519C100D51335 /* Project object */;
}
